
Microsoft Visual Studio Solution File, Format Version 12.00
# Visual Studio Version 16
VisualStudioVersion = 16.0.30907.101
MinimumVisualStudioVersion = 10.0.40219.1
Project("{FAE04EC0-301F-11D3-BF4B-00C04F79EFBC}") = "DependencyInjection", "DependencyInjection\DependencyInjection.csproj", "{AEEF75B7-C883-4159-BBC1-507110985449}"
EndProject
Global
	GlobalSection(SolutionConfigurationPlatforms) = preSolution
		Debug|Any CPU = Debug|Any CPU
		Release|Any CPU = Release|Any CPU
	EndGlobalSection
	GlobalSection(ProjectConfigurationPlatforms) = postSolution
		{AEEF75B7-C883-4159-BBC1-507110985449}.Debug|Any CPU.ActiveCfg = Debug|Any CPU
		{AEEF75B7-C883-4159-BBC1-507110985449}.Debug|Any CPU.Build.0 = Debug|Any CPU
		{AEEF75B7-C883-4159-BBC1-507110985449}.Release|Any CPU.ActiveCfg = Release|Any CPU
		{AEEF75B7-C883-4159-BBC1-507110985449}.Release|Any CPU.Build.0 = Release|Any CPU
	EndGlobalSection
	GlobalSection(SolutionProperties) = preSolution
		HideSolutionNode = FALSE
	EndGlobalSection
	GlobalSection(ExtensibilityGlobals) = postSolution
		SolutionGuid = {A42096CF-F99D-44AC-8963-3403D957DFD4}
	EndGlobalSection
EndGlobal
